
Microsoft Visual Studio Solution File, Format Version 12.00
# Visual Studio Version 17
VisualStudioVersion = 17.2.32526.322
MinimumVisualStudioVersion = 10.0.40219.1
Project("{9A19103F-16F7-4668-BE54-9A1E7A4F7556}") = "MotusSolverAPI", "MotusSolverAPI.csproj", "{963FAECF-4151-4FF9-9CCC-27DA164B00A5}"
EndProject
Project("{FAE04EC0-301F-11D3-BF4B-00C04F79EFBC}") = "MotusSolverTests", "MotusSolverTests\MotusSolverTests.csproj", "{2290852F-5D7D-4FEF-A1E6-C70A64ED3A64}"
EndProject
Global
	GlobalSection(SolutionConfigurationPlatforms) = preSolution
		Debug|Any CPU = Debug|Any CPU
		Release|Any CPU = Release|Any CPU
	EndGlobalSection
	GlobalSection(ProjectConfigurationPlatforms) = postSolution
		{963FAECF-4151-4FF9-9CCC-27DA164B00A5}.Debug|Any CPU.ActiveCfg = Debug|Any CPU
		{963FAECF-4151-4FF9-9CCC-27DA164B00A5}.Debug|Any CPU.Build.0 = Debug|Any CPU
		{963FAECF-4151-4FF9-9CCC-27DA164B00A5}.Release|Any CPU.ActiveCfg = Release|Any CPU
		{963FAECF-4151-4FF9-9CCC-27DA164B00A5}.Release|Any CPU.Build.0 = Release|Any CPU
		{2290852F-5D7D-4FEF-A1E6-C70A64ED3A64}.Debug|Any CPU.ActiveCfg = Debug|Any CPU
		{2290852F-5D7D-4FEF-A1E6-C70A64ED3A64}.Debug|Any CPU.Build.0 = Debug|Any CPU
		{2290852F-5D7D-4FEF-A1E6-C70A64ED3A64}.Release|Any CPU.ActiveCfg = Release|Any CPU
		{2290852F-5D7D-4FEF-A1E6-C70A64ED3A64}.Release|Any CPU.Build.0 = Release|Any CPU
	EndGlobalSection
	GlobalSection(SolutionProperties) = preSolution
		HideSolutionNode = FALSE
	EndGlobalSection
	GlobalSection(ExtensibilityGlobals) = postSolution
		SolutionGuid = {5CC37573-C78B-4121-B090-CA8590796B38}
	EndGlobalSection
EndGlobal
